// !$*UTF8*$!
{
	archiveVersion = 1;
	classes = {
	};
	objectVersion = 50;
	objects = {

/* Begin PBXBuildFile section */
		A8B21B34211C1BF500782B6A /* AppDelegate.swift in Sources */ = {isa = PBXBuildFile; fileRef = A8B21B33211C1BF500782B6A /* AppDelegate.swift */; };
		A8B21B36211C1BF500782B6A /* ViewController.swift in Sources */ = {isa = PBXBuildFile; fileRef = A8B21B35211C1BF500782B6A /* ViewController.swift */; };
		A8B21B39211C1BF500782B6A /* Main.storyboard in Resources */ = {isa = PBXBuildFile; fileRef = A8B21B37211C1BF500782B6A /* Main.storyboard */; };
		A8B21B3B211C1BF600782B6A /* Assets.xcassets in Resources */ = {isa = PBXBuildFile; fileRef = A8B21B3A211C1BF600782B6A /* Assets.xcassets */; };
		A8B21B3E211C1BF600782B6A /* LaunchScreen.storyboard in Resources */ = {isa = PBXBuildFile; fileRef = A8B21B3C211C1BF600782B6A /* LaunchScreen.storyboard */; };
/* End PBXBuildFile section */

/* Begin PBXFileReference section */
		A8B21B30211C1BF500782B6A /* ShimmerEffectDemo.app */ = {isa = PBXFileReference; explicitFileType = wrapper.application; includeInIndex = 0; path = ShimmerEffectDemo.app; sourceTree = BUILT_PRODUCTS_DIR; };
		A8B21B33211C1BF500782B6A /* AppDelegate.swift */ = {isa = PBXFileReference; lastKnownFileType = sourcecode.swift; path = AppDelegate.swift; sourceTree = "<group>"; };
		A8B21B35211C1BF500782B6A /* ViewController.swift */ = {isa = PBXFileReference; lastKnownFileType = sourcecode.swift; path = ViewController.swift; sourceTree = "<group>"; };
		A8B21B38211C1BF500782B6A /* Base */ = {isa = PBXFileReference; lastKnownFileType = file.storyboard; name = Base; path = Base.lproj/Main.storyboard; sourceTree = "<group>"; };
		A8B21B3A211C1BF600782B6A /* Assets.xcassets */ = {isa = PBXFileReference; lastKnownFileType = folder.assetcatalog; path = Assets.xcassets; sourceTree = "<group>"; };
		A8B21B3D211C1BF600782B6A /* Base */ = {isa = PBXFileReference; lastKnownFileType = file.storyboard; name = Base; path = Base.lproj/LaunchScreen.storyboard; sourceTree = "<group>"; };
		A8B21B3F211C1BF600782B6A /* Info.plist */ = {isa = PBXFileReference; lastKnownFileType = text.plist.xml; path = Info.plist; sourceTree = "<group>"; };
/* End PBXFileReference section */

/* Begin PBXFrameworksBuildPhase section */
		A8B21B2D211C1BF500782B6A /* Frameworks */ = {
			isa = PBXFrameworksBuildPhase;
			buildActionMask = 2147483647;
			files = (
			);
			runOnlyForDeploymentPostprocessing = 0;
		};
/* End PBXFrameworksBuildPhase section */

/* Begin PBXGroup section */
		A8B21B27211C1BF500782B6A = {
			isa = PBXGroup;
			children = (
				A8B21B32211C1BF500782B6A /* ShimmerEffectDemo */,
				A8B21B31211C1BF500782B6A /* Products */,
			);
			sourceTree = "<group>";
		};
		A8B21B31211C1BF500782B6A /* Products */ = {
			isa = PBXGroup;
			children = (
				A8B21B30211C1BF500782B6A /* ShimmerEffectDemo.app */,
			);
			name = Products;
			sourceTree = "<group>";
		};
		A8B21B32211C1BF500782B6A /* ShimmerEffectDemo */ = {
			isa = PBXGroup;
			children = (
				A8B21B33211C1BF500782B6A /* AppDelegate.swift */,
				A8B21B35211C1BF500782B6A /* ViewController.swift */,
				A8B21B37211C1BF500782B6A /* Main.storyboard */,
				A8B21B3A211C1BF600782B6A /* Assets.xcassets */,
				A8B21B3C211C1BF600782B6A /* LaunchScreen.storyboard */,
				A8B21B3F211C1BF600782B6A /* Info.plist */,
			);
			path = ShimmerEffectDemo;
			sourceTree = "<group>";
		};
/* End PBXGroup section */

/* Begin PBXNativeTarget section */
		A8B21B2F211C1BF500782B6A /* ShimmerEffectDemo */ = {
			isa = PBXNativeTarget;
			buildConfigurationList = A8B21B42211C1BF700782B6A /* Build configuration list for PBXNativeTarget "ShimmerEffectDemo" */;
			buildPhases = (
				A8B21B2C211C1BF500782B6A /* Sources */,
				A8B21B2D211C1BF500782B6A /* Frameworks */,
				A8B21B2E211C1BF500782B6A /* Resources */,
			);
			buildRules = (
			);
			dependencies = (
			);
			name = ShimmerEffectDemo;
			productName = ShimmerEffectDemo;
			productReference = A8B21B30211C1BF500782B6A /* ShimmerEffectDemo.app */;
			productType = "com.apple.product-type.application";
		};
/* End PBXNativeTarget section */

/* Begin PBXProject section */
		A8B21B28211C1BF500782B6A /* Project object */ = {
			isa = PBXProject;
			attributes = {
				LastSwiftUpdateCheck = 0940;
				LastUpgradeCheck = 0940;
				ORGANIZATIONNAME = "Joy Mondal";
				TargetAttributes = {
					A8B21B2F211C1BF500782B6A = {
						CreatedOnToolsVersion = 9.4.1;
					};
				};
			};
			buildConfigurationList = A8B21B2B211C1BF500782B6A /* Build configuration list for PBXProject "ShimmerEffectDemo" */;
			compatibilityVersion = "Xcode 9.3";
			developmentRegion = en;
			hasScannedForEncodings = 0;
			knownRegions = (
				en,
				Base,
			);
			mainGroup = A8B21B27211C1BF500782B6A;
			productRefGroup = A8B21B31211C1BF500782B6A /* Products */;
			projectDirPath = "";
			projectRoot = "";
			targets = (
				A8B21B2F211C1BF500782B6A /* ShimmerEffectDemo */,
			);
		};
/* End PBXProject section */

/* Begin PBXResourcesBuildPhase section */
		A8B21B2E211C1BF500782B6A /* Resources */ = {
			isa = PBXResourcesBuildPhase;
			buildActionMask = 2147483647;
			files = (
				A8B21B3E211C1BF600782B6A /* LaunchScreen.storyboard in Resources */,
				A8B21B3B211C1BF600782B6A /* Assets.xcassets in Resources */,
				A8B21B39211C1BF500782B6A /* Main.storyboard in Resources */,
			);
			runOnlyForDeploymentPostprocessing = 0;
		};
/* End PBXResourcesBuildPhase section */

/* Begin PBXSourcesBuildPhase section */
		A8B21B2C211C1BF500782B6A /* Sources */ = {
			isa = PBXSourcesBuildPhase;
			buildActionMask = 2147483647;
			files = (
				A8B21B36211C1BF500782B6A /* ViewController.swift in Sources */,
				A8B21B34211C1BF500782B6A /* AppDelegate.swift in Sources */,
			);
			runOnlyForDeploymentPostprocessing = 0;
		};
/* End PBXSourcesBuildPhase section */

/* Begin PBXVariantGroup section */
		A8B21B37211C1BF500782B6A /* Main.storyboard */ = {
			isa = PBXVariantGroup;
			children = (
				A8B21B38211C1BF500782B6A /* Base */,
			);
			name = Main.storyboard;
			sourceTree = "<group>";
		};
		A8B21B3C211C1BF600782B6A /* LaunchScreen.storyboard */ = {
			isa = PBXVariantGroup;
			children = (
				A8B21B3D211C1BF600782B6A /* Base */,
			);
			name = LaunchScreen.storyboard;
			sourceTree = "<group>";
		};
/* End PBXVariantGroup section */

/* Begin XCBuildConfiguration section */
		A8B21B40211C1BF700782B6A /* Debug */ = {
			isa = XCBuildConfiguration;
			buildSettings = {
				ALWAYS_SEARCH_USER_PATHS = NO;
				CLANG_ANALYZER_NONNULL = YES;
				CLANG_ANALYZER_NUMBER_OBJECT_CONVERSION = YES_AGGRESSIVE;
				CLANG_CXX_LANGUAGE_STANDARD = "gnu++14";
				CLANG_CXX_LIBRARY = "libc++";
				CLANG_ENABLE_MODULES = YES;
				CLANG_ENABLE_OBJC_ARC = YES;
				CLANG_ENABLE_OBJC_WEAK = YES;
				CLANG_WARN_BLOCK_CAPTURE_AUTORELEASING = YES;
				CLANG_WARN_BOOL_CONVERSION = YES;
				CLANG_WARN_COMMA = YES;
				CLANG_WARN_CONSTANT_CONVERSION = YES;
				CLANG_WARN_DEPRECATED_OBJC_IMPLEMENTATIONS = YES;
				CLANG_WARN_DIRECT_OBJC_ISA_USAGE = YES_ERROR;
				CLANG_WARN_DOCUMENTATION_COMMENTS = YES;
				CLANG_WARN_EMPTY_BODY = YES;
				CLANG_WARN_ENUM_CONVERSION = YES;
				CLANG_WARN_INFINITE_RECURSION = YES;
				CLANG_WARN_INT_CONVERSION = YES;
				CLANG_WARN_NON_LITERAL_NULL_CONVERSION = YES;
				CLANG_WARN_OBJC_IMPLICIT_RETAIN_SELF = YES;
				CLANG_WARN_OBJC_LITERAL_CONVERSION = YES;
				CLANG_WARN_OBJC_ROOT_CLASS = YES_ERROR;
				CLANG_WARN_RANGE_LOOP_ANALYSIS = YES;
				CLANG_WARN_STRICT_PROTOTYPES = YES;
				CLANG_WARN_SUSPICIOUS_MOVE = YES;
				CLANG_WARN_UNGUARDED_AVAILABILITY = YES_AGGRESSIVE;
				CLANG_WARN_UNREACHABLE_CODE = YES;
				CLANG_WARN__DUPLICATE_METHOD_MATCH = YES;
				CODE_SIGN_IDENTITY = "iPhone Developer";
				COPY_PHASE_STRIP = NO;
				DEBUG_INFORMATION_FORMAT = dwarf;
				ENABLE_STRICT_OBJC_MSGSEND = YES;
				ENABLE_TESTABILITY = YES;
				GCC_C_LANGUAGE_STANDARD = gnu11;
				GCC_DYNAMIC_NO_PIC = NO;
				GCC_NO_COMMON_BLOCKS = YES;
				GCC_OPTIMIZATION_LEVEL = 0;
				GCC_PREPROCESSOR_DEFINITIONS = (
					"DEBUG=1",
					"$(inherited)",
				);
				GCC_WARN_64_TO_32_BIT_CONVERSION = YES;
				GCC_WARN_ABOUT_RETURN_TYPE = YES_ERROR;
				GCC_WARN_UNDECLARED_SELECTOR = YES;
				GCC_WARN_UNINITIALIZED_AUTOS = YES_AGGRESSIVE;
				GCC_WARN_UNUSED_FUNCTION = YES;
				GCC_WARN_UNUSED_VARIABLE = YES;
				IPHONEOS_DEPLOYMENT_TARGET = 11.4;
				MTL_ENABLE_DEBUG_INFO = YES;
				ONLY_ACTIVE_ARCH = YES;
				SDKROOT = iphoneos;
				SWIFT_ACTIVE_COMPILATION_CONDITIONS = DEBUG;
				SWIFT_OPTIMIZATION_LEVEL = "-Onone";
			};
			name = Debug;
		};
		A8B21B41211C1BF700782B6A /* Release */ = {
			isa = XCBuildConfiguration;
			buildSettings = {
				ALWAYS_SEARCH_USER_PATHS = NO;
				CLANG_ANALYZER_NONNULL = YES;
				CLANG_ANALYZER_NUMBER_OBJECT_CONVERSION = YES_AGGRESSIVE;
				CLANG_CXX_LANGUAGE_STANDARD = "gnu++14";
				CLANG_CXX_LIBRARY = "libc++";
				CLANG_ENABLE_MODULES = YES;
				CLANG_ENABLE_OBJC_ARC = YES;
				CLANG_ENABLE_OBJC_WEAK = YES;
				CLANG_WARN_BLOCK_CAPTURE_AUTORELEASING = YES;
				CLANG_WARN_BOOL_CONVERSION = YES;
				CLANG_WARN_COMMA = YES;
				CLANG_WARN_CONSTANT_CONVERSION = YES;
				CLANG_WARN_DEPRECATED_OBJC_IMPLEMENTATIONS = YES;
				CLANG_WARN_DIRECT_OBJC_ISA_USAGE = YES_ERROR;
				CLANG_WARN_DOCUMENTATION_COMMENTS = YES;
				CLANG_WARN_EMPTY_BODY = YES;
				CLANG_WARN_ENUM_CONVERSION = YES;
				CLANG_WARN_INFINITE_RECURSION = YES;
				CLANG_WARN_INT_CONVERSION = YES;
				CLANG_WARN_NON_LITERAL_NULL_CONVERSION = YES;
				CLANG_WARN_OBJC_IMPLICIT_RETAIN_SELF = YES;
				CLANG_WARN_OBJC_LITERAL_CONVERSION = YES;
				CLANG_WARN_OBJC_ROOT_CLASS = YES_ERROR;
				CLANG_WARN_RANGE_LOOP_ANALYSIS = YES;
				CLANG_WARN_STRICT_PROTOTYPES = YES;
				CLANG_WARN_SUSPICIOUS_MOVE = YES;
				CLANG_WARN_UNGUARDED_AVAILABILITY = YES_AGGRESSIVE;
				CLANG_WARN_UNREACHABLE_CODE = YES;
				CLANG_WARN__DUPLICATE_METHOD_MATCH = YES;
				CODE_SIGN_IDENTITY = "iPhone Developer";
				COPY_PHASE_STRIP = NO;
				DEBUG_INFORMATION_FORMAT = "dwarf-with-dsym";
				ENABLE_NS_ASSERTIONS = NO;
				ENABLE_STRICT_OBJC_MSGSEND = YES;
				GCC_C_LANGUAGE_STANDARD = gnu11;
				GCC_NO_COMMON_BLOCKS = YES;
				GCC_WARN_64_TO_32_BIT_CONVERSION = YES;
				GCC_WARN_ABOUT_RETURN_TYPE = YES_ERROR;
				GCC_WARN_UNDECLARED_SELECTOR = YES;
				GCC_WARN_UNINITIALIZED_AUTOS = YES_AGGRESSIVE;
				GCC_WARN_UNUSED_FUNCTION = YES;
				GCC_WARN_UNUSED_VARIABLE = YES;
				IPHONEOS_DEPLOYMENT_TARGET = 11.4;
				MTL_ENABLE_DEBUG_INFO = NO;
				SDKROOT = iphoneos;
				SWIFT_COMPILATION_MODE = wholemodule;
				SWIFT_OPTIMIZATION_LEVEL = "-O";
				VALIDATE_PRODUCT = YES;
			};
			name = Release;
		};
		A8B21B43211C1BF700782B6A /* Debug */ = {
			isa = XCBuildConfiguration;
			buildSettings = {
				ASSETCATALOG_COMPILER_APPICON_NAME = AppIcon;
				CODE_SIGN_STYLE = Automatic;
				DEVELOPMENT_TEAM = 247SKTDF4X;
				INFOPLIST_FILE = ShimmerEffectDemo/Info.plist;
				LD_RUNPATH_SEARCH_PATHS = (
					"$(inherited)",
					"@executable_path/Frameworks",
				);
				PRODUCT_BUNDLE_IDENTIFIER = "com.inadev.-.ShimmerEffectDemo";
				PRODUCT_NAME = "$(TARGET_NAME)";
				SWIFT_VERSION = 4.0;
				TARGETED_DEVICE_FAMILY = "1,2";
			};
			name = Debug;
		};
		A8B21B44211C1BF700782B6A /* Release */ = {
			isa = XCBuildConfiguration;
			buildSettings = {
				ASSETCATALOG_COMPILER_APPICON_NAME = AppIcon;
				CODE_SIGN_STYLE = Automatic;
				DEVELOPMENT_TEAM = 247SKTDF4X;
				INFOPLIST_FILE = ShimmerEffectDemo/Info.plist;
				LD_RUNPATH_SEARCH_PATHS = (
					"$(inherited)",
					"@executable_path/Frameworks",
				);
				PRODUCT_BUNDLE_IDENTIFIER = "com.inadev.-.ShimmerEffectDemo";
				PRODUCT_NAME = "$(TARGET_NAME)";
				SWIFT_VERSION = 4.0;
				TARGETED_DEVICE_FAMILY = "1,2";
			};
			name = Release;
		};
/* End XCBuildConfiguration section */

/* Begin XCConfigurationList section */
		A8B21B2B211C1BF500782B6A /* Build configuration list for PBXProject "ShimmerEffectDemo" */ = {
			isa = XCConfigurationList;
			buildConfigurations = (
				A8B21B40211C1BF700782B6A /* Debug */,
				A8B21B41211C1BF700782B6A /* Release */,
			);
			defaultConfigurationIsVisible = 0;
			defaultConfigurationName = Release;
		};
		A8B21B42211C1BF700782B6A /* Build configuration list for PBXNativeTarget "ShimmerEffectDemo" */ = {
			isa = XCConfigurationList;
			buildConfigurations = (
				A8B21B43211C1BF700782B6A /* Debug */,
				A8B21B44211C1BF700782B6A /* Release */,
			);
			defaultConfigurationIsVisible = 0;
			defaultConfigurationName = Release;
		};
/* End XCConfigurationList section */
	};
	rootObject = A8B21B28211C1BF500782B6A /* Project object */;
}
